
Microsoft Visual Studio Solution File, Format Version 12.00
# Visual Studio 15
VisualStudioVersion = 15.0.28307.645
MinimumVisualStudioVersion = 10.0.40219.1
Project("{FAE04EC0-301F-11D3-BF4B-00C04F79EFBC}") = "HelloGoodbye", "HelloGoodbye\HelloGoodbye.csproj", "{195696D7-2582-46BA-AF13-0FA6CB3243AD}"
EndProject
Global
	GlobalSection(SolutionConfigurationPlatforms) = preSolution
		Debug|Any CPU = Debug|Any CPU
		Release|Any CPU = Release|Any CPU
	EndGlobalSection
	GlobalSection(ProjectConfigurationPlatforms) = postSolution
		{195696D7-2582-46BA-AF13-0FA6CB3243AD}.Debug|Any CPU.ActiveCfg = Debug|Any CPU
		{195696D7-2582-46BA-AF13-0FA6CB3243AD}.Debug|Any CPU.Build.0 = Debug|Any CPU
		{195696D7-2582-46BA-AF13-0FA6CB3243AD}.Release|Any CPU.ActiveCfg = Release|Any CPU
		{195696D7-2582-46BA-AF13-0FA6CB3243AD}.Release|Any CPU.Build.0 = Release|Any CPU
	EndGlobalSection
	GlobalSection(SolutionProperties) = preSolution
		HideSolutionNode = FALSE
	EndGlobalSection
	GlobalSection(ExtensibilityGlobals) = postSolution
		SolutionGuid = {7A53EC41-9A03-466C-81C2-C7D1785136CD}
	EndGlobalSection
EndGlobal
